
Microsoft Visual Studio Solution File, Format Version 12.00
# Visual Studio Version 16
VisualStudioVersion = 16.0.29519.181
MinimumVisualStudioVersion = 10.0.40219.1
Project("{FAE04EC0-301F-11D3-BF4B-00C04F79EFBC}") = "YazilimSinama", "YazilimSinama\YazilimSinama.csproj", "{158B9ED3-450A-4573-9C76-348648A79CBC}"
EndProject
Project("{FAE04EC0-301F-11D3-BF4B-00C04F79EFBC}") = "YazilimSinamaTestler", "YazilimSinamaTestler\YazilimSinamaTestler.csproj", "{94B16820-6BA2-4F66-B582-310F751E2ADD}"
EndProject
Global
	GlobalSection(SolutionConfigurationPlatforms) = preSolution
		Debug|Any CPU = Debug|Any CPU
		Release|Any CPU = Release|Any CPU
	EndGlobalSection
	GlobalSection(ProjectConfigurationPlatforms) = postSolution
		{158B9ED3-450A-4573-9C76-348648A79CBC}.Debug|Any CPU.ActiveCfg = Debug|Any CPU
		{158B9ED3-450A-4573-9C76-348648A79CBC}.Debug|Any CPU.Build.0 = Debug|Any CPU
		{158B9ED3-450A-4573-9C76-348648A79CBC}.Release|Any CPU.ActiveCfg = Release|Any CPU
		{158B9ED3-450A-4573-9C76-348648A79CBC}.Release|Any CPU.Build.0 = Release|Any CPU
		{94B16820-6BA2-4F66-B582-310F751E2ADD}.Debug|Any CPU.ActiveCfg = Debug|Any CPU
		{94B16820-6BA2-4F66-B582-310F751E2ADD}.Debug|Any CPU.Build.0 = Debug|Any CPU
		{94B16820-6BA2-4F66-B582-310F751E2ADD}.Release|Any CPU.ActiveCfg = Release|Any CPU
		{94B16820-6BA2-4F66-B582-310F751E2ADD}.Release|Any CPU.Build.0 = Release|Any CPU
	EndGlobalSection
	GlobalSection(SolutionProperties) = preSolution
		HideSolutionNode = FALSE
	EndGlobalSection
	GlobalSection(ExtensibilityGlobals) = postSolution
		SolutionGuid = {A00B6A5F-0FBF-4469-8B03-0C245F0BE6A3}
	EndGlobalSection
EndGlobal
