
Microsoft Visual Studio Solution File, Format Version 12.00
# Visual Studio Version 16
VisualStudioVersion = 16.0.29519.87
MinimumVisualStudioVersion = 10.0.40219.1
Project("{FAE04EC0-301F-11D3-BF4B-00C04F79EFBC}") = "Yazılım-Test-Ve-Sınama", "Yazılım-Test-Ve-Sınama\Yazılım-Test-Ve-Sınama.csproj", "{5D75B46E-62E3-4BD3-ACE0-24DA7AABACA8}"
EndProject
Global
	GlobalSection(SolutionConfigurationPlatforms) = preSolution
		Debug|Any CPU = Debug|Any CPU
		Release|Any CPU = Release|Any CPU
	EndGlobalSection
	GlobalSection(ProjectConfigurationPlatforms) = postSolution
		{5D75B46E-62E3-4BD3-ACE0-24DA7AABACA8}.Debug|Any CPU.ActiveCfg = Debug|Any CPU
		{5D75B46E-62E3-4BD3-ACE0-24DA7AABACA8}.Debug|Any CPU.Build.0 = Debug|Any CPU
		{5D75B46E-62E3-4BD3-ACE0-24DA7AABACA8}.Release|Any CPU.ActiveCfg = Release|Any CPU
		{5D75B46E-62E3-4BD3-ACE0-24DA7AABACA8}.Release|Any CPU.Build.0 = Release|Any CPU
	EndGlobalSection
	GlobalSection(SolutionProperties) = preSolution
		HideSolutionNode = FALSE
	EndGlobalSection
	GlobalSection(ExtensibilityGlobals) = postSolution
		SolutionGuid = {1FBA7C08-F365-40BD-A14E-5E79E3B01A50}
	EndGlobalSection
EndGlobal
